// !$*UTF8*$!
{
	archiveVersion = 1;
	classes = {
	};
	objectVersion = 56;
	objects = {

/* Begin PBXBuildFile section */
		2B40784967D15CFC259D93B8 /* Pods_Habit.framework in Frameworks */ = {isa = PBXBuildFile; fileRef = 813AF3EFA3E23DFA390B0D2A /* Pods_Habit.framework */; };
		BC16349B29EDCB6600AA3AF9 /* Gender.swift in Sources */ = {isa = PBXBuildFile; fileRef = BC16349A29EDCB6600AA3AF9 /* Gender.swift */; };
		BC16349E29EDD74C00AA3AF9 /* SignUpUIState.swift in Sources */ = {isa = PBXBuildFile; fileRef = BC16349D29EDD74C00AA3AF9 /* SignUpUIState.swift */; };
		BC1C6A052A37D40F00996E00 /* HabitValueRequest.swift in Sources */ = {isa = PBXBuildFile; fileRef = BC1C6A042A37D40F00996E00 /* HabitValueRequest.swift */; };
		BC1C6A082A37D44A00996E00 /* HabitDetailRemoteDataSource.swift in Sources */ = {isa = PBXBuildFile; fileRef = BC1C6A072A37D44A00996E00 /* HabitDetailRemoteDataSource.swift */; };
		BC1C6A0A2A37D6E300996E00 /* HabitDetailInteractor.swift in Sources */ = {isa = PBXBuildFile; fileRef = BC1C6A092A37D6E300996E00 /* HabitDetailInteractor.swift */; };
		BC277A9B2A2D53DB00D4CFF6 /* ButtonStyle.swift in Sources */ = {isa = PBXBuildFile; fileRef = BC277A9A2A2D53DB00D4CFF6 /* ButtonStyle.swift */; };
		BC41E1082A2FF4F1007C42A1 /* HabitCardView.swift in Sources */ = {isa = PBXBuildFile; fileRef = BC41E1072A2FF4F1007C42A1 /* HabitCardView.swift */; };
		BC41E10A2A2FF4FD007C42A1 /* HabitCardViewModel.swift in Sources */ = {isa = PBXBuildFile; fileRef = BC41E1092A2FF4FD007C42A1 /* HabitCardViewModel.swift */; };
		BC4C807C2A1D78DF00CBB9FF /* SignInInteractor.swift in Sources */ = {isa = PBXBuildFile; fileRef = BC4C807B2A1D78DF00CBB9FF /* SignInInteractor.swift */; };
		BC4C807E2A1D7B4500CBB9FF /* SignInRemoteDataSource.swift in Sources */ = {isa = PBXBuildFile; fileRef = BC4C807D2A1D7B4500CBB9FF /* SignInRemoteDataSource.swift */; };
		BC4C80802A1ECD6500CBB9FF /* AppError.swift in Sources */ = {isa = PBXBuildFile; fileRef = BC4C807F2A1ECD6500CBB9FF /* AppError.swift */; };
		BC4C80832A1ED9CF00CBB9FF /* SignUpInteractor.swift in Sources */ = {isa = PBXBuildFile; fileRef = BC4C80822A1ED9CF00CBB9FF /* SignUpInteractor.swift */; };
		BC4C80852A1EDC5400CBB9FF /* SignUpRemoteDataSource.swift in Sources */ = {isa = PBXBuildFile; fileRef = BC4C80842A1EDC5400CBB9FF /* SignUpRemoteDataSource.swift */; };
		BC4C80872A200B1400CBB9FF /* UserAuth.swift in Sources */ = {isa = PBXBuildFile; fileRef = BC4C80862A200B1400CBB9FF /* UserAuth.swift */; };
		BC4C80892A200C7200CBB9FF /* LocalDataSource.swift in Sources */ = {isa = PBXBuildFile; fileRef = BC4C80882A200C7200CBB9FF /* LocalDataSource.swift */; };
		BC4C808C2A23C44300CBB9FF /* SplashInteractor.swift in Sources */ = {isa = PBXBuildFile; fileRef = BC4C808B2A23C44300CBB9FF /* SplashInteractor.swift */; };
		BC4C808E2A23DD0F00CBB9FF /* RefreshRequest.swift in Sources */ = {isa = PBXBuildFile; fileRef = BC4C808D2A23DD0F00CBB9FF /* RefreshRequest.swift */; };
		BC4C80902A23E13900CBB9FF /* SplashRemoteDataSource.swift in Sources */ = {isa = PBXBuildFile; fileRef = BC4C808F2A23E13900CBB9FF /* SplashRemoteDataSource.swift */; };
		BC4F78952A36341D002EAD73 /* HabitCardViewRouter.swift in Sources */ = {isa = PBXBuildFile; fileRef = BC4F78942A36341D002EAD73 /* HabitCardViewRouter.swift */; };
		BC5F349C2A5A565300FD43B5 /* HabitCreateRequest.swift in Sources */ = {isa = PBXBuildFile; fileRef = BC5F349B2A5A565300FD43B5 /* HabitCreateRequest.swift */; };
		BC5F349F2A5A569F00FD43B5 /* HabitCreateRemoteDataSource.swift in Sources */ = {isa = PBXBuildFile; fileRef = BC5F349E2A5A569F00FD43B5 /* HabitCreateRemoteDataSource.swift */; };
		BC5F34A12A5A577000FD43B5 /* HabitCreateInteractor.swift in Sources */ = {isa = PBXBuildFile; fileRef = BC5F34A02A5A577000FD43B5 /* HabitCreateInteractor.swift */; };
		BC6D3CFF2A4E355B00BE9294 /* ProfileResponse.swift in Sources */ = {isa = PBXBuildFile; fileRef = BC6D3CFE2A4E355B00BE9294 /* ProfileResponse.swift */; };
		BC6D3D022A4E3A1800BE9294 /* ProfileRemoteDataSource.swift in Sources */ = {isa = PBXBuildFile; fileRef = BC6D3D012A4E3A1800BE9294 /* ProfileRemoteDataSource.swift */; };
		BC6D3D042A4E3C1300BE9294 /* ProfileInteractor.swift in Sources */ = {isa = PBXBuildFile; fileRef = BC6D3D032A4E3C1300BE9294 /* ProfileInteractor.swift */; };
		BC6D3D062A4E3C8C00BE9294 /* ProfileUIState.swift in Sources */ = {isa = PBXBuildFile; fileRef = BC6D3D052A4E3C8C00BE9294 /* ProfileUIState.swift */; };
		BC83E8D529FDD70B0099129F /* WebService.swift in Sources */ = {isa = PBXBuildFile; fileRef = BC83E8D429FDD70B0099129F /* WebService.swift */; };
		BC83E8D729FDE4700099129F /* SignUpRequest.swift in Sources */ = {isa = PBXBuildFile; fileRef = BC83E8D629FDE4700099129F /* SignUpRequest.swift */; };
		BC842E392A3BD6CD007C80FE /* ImageView.swift in Sources */ = {isa = PBXBuildFile; fileRef = BC842E382A3BD6CD007C80FE /* ImageView.swift */; };
		BC866EDD2A15890200A36986 /* SignUpResponse.swift in Sources */ = {isa = PBXBuildFile; fileRef = BC866EDC2A15890200A36986 /* SignUpResponse.swift */; };
		BC866EDF2A158DAB00A36986 /* ErrorResponse.swift in Sources */ = {isa = PBXBuildFile; fileRef = BC866EDE2A158DAB00A36986 /* ErrorResponse.swift */; };
		BC98F6192A353A0E003EE3D4 /* HabitDetailUIState.swift in Sources */ = {isa = PBXBuildFile; fileRef = BC98F6182A353A0E003EE3D4 /* HabitDetailUIState.swift */; };
		BC98F61B2A353A96003EE3D4 /* HabitDetailViewModel.swift in Sources */ = {isa = PBXBuildFile; fileRef = BC98F61A2A353A96003EE3D4 /* HabitDetailViewModel.swift */; };
		BC98F61D2A353B26003EE3D4 /* HabitDetailView.swift in Sources */ = {isa = PBXBuildFile; fileRef = BC98F61C2A353B26003EE3D4 /* HabitDetailView.swift */; };
		BCA92D8229EE1B5E006903DB /* SignUpViewModel.swift in Sources */ = {isa = PBXBuildFile; fileRef = BCA92D8129EE1B5E006903DB /* SignUpViewModel.swift */; };
		BCA92D8529EE1BE2006903DB /* SignUpViewRouter.swift in Sources */ = {isa = PBXBuildFile; fileRef = BCA92D8429EE1BE2006903DB /* SignUpViewRouter.swift */; };
		BCA92D8829F20E87006903DB /* EditTextView.swift in Sources */ = {isa = PBXBuildFile; fileRef = BCA92D8729F20E87006903DB /* EditTextView.swift */; };
		BCA92D8B29F2189B006903DB /* CustomTextFieldStyle.swift in Sources */ = {isa = PBXBuildFile; fileRef = BCA92D8A29F2189B006903DB /* CustomTextFieldStyle.swift */; };
		BCA92D8E29F32C29006903DB /* String+Extension.swift in Sources */ = {isa = PBXBuildFile; fileRef = BCA92D8D29F32C29006903DB /* String+Extension.swift */; };
		BCA92D9029F33023006903DB /* LoadingButtonView.swift in Sources */ = {isa = PBXBuildFile; fileRef = BCA92D8F29F33023006903DB /* LoadingButtonView.swift */; };
		BCB2D0E82A4F0E9900D5D236 /* ProfileRequest.swift in Sources */ = {isa = PBXBuildFile; fileRef = BCB2D0E72A4F0E9900D5D236 /* ProfileRequest.swift */; };
		BCB392092A15A399000EDD89 /* SignInRequest.swift in Sources */ = {isa = PBXBuildFile; fileRef = BCB392082A15A399000EDD89 /* SignInRequest.swift */; };
		BCB3920B2A15A4C8000EDD89 /* SignInResponse.swift in Sources */ = {isa = PBXBuildFile; fileRef = BCB3920A2A15A4C8000EDD89 /* SignInResponse.swift */; };
		BCB4F02829EB6FD7009FCD5C /* SignInViewRouter.swift in Sources */ = {isa = PBXBuildFile; fileRef = BCB4F02729EB6FD7009FCD5C /* SignInViewRouter.swift */; };
		BCB4F02E29EB702D009FCD5C /* HomeView.swift in Sources */ = {isa = PBXBuildFile; fileRef = BCB4F02D29EB702D009FCD5C /* HomeView.swift */; };
		BCB4F03029EB7037009FCD5C /* HomeViewModel.swift in Sources */ = {isa = PBXBuildFile; fileRef = BCB4F02F29EB7037009FCD5C /* HomeViewModel.swift */; };
		BCB4F03629EB7809009FCD5C /* SignUpView.swift in Sources */ = {isa = PBXBuildFile; fileRef = BCB4F03529EB7809009FCD5C /* SignUpView.swift */; };
		BCC0849C2A4F982700483810 /* ChartView.swift in Sources */ = {isa = PBXBuildFile; fileRef = BCC0849B2A4F982700483810 /* ChartView.swift */; };
		BCC250EC2A16E94900A7DFC0 /* SignInErrorResponse.swift in Sources */ = {isa = PBXBuildFile; fileRef = BCC250EB2A16E94900A7DFC0 /* SignInErrorResponse.swift */; };
		BCC479992A50D6A6003BCB51 /* ChartViewModel.swift in Sources */ = {isa = PBXBuildFile; fileRef = BCC479982A50D6A6003BCB51 /* ChartViewModel.swift */; };
		BCC4799B2A50D7BF003BCB51 /* BoxChartView.swift in Sources */ = {isa = PBXBuildFile; fileRef = BCC4799A2A50D7BF003BCB51 /* BoxChartView.swift */; };
		BCD6CFA72A4A3D47008E88B5 /* ProfileViewModel.swift in Sources */ = {isa = PBXBuildFile; fileRef = BCD6CFA62A4A3D47008E88B5 /* ProfileViewModel.swift */; };
		BCEF13A22A26BAC800DCB705 /* HomeViewRouter.swift in Sources */ = {isa = PBXBuildFile; fileRef = BCEF13A12A26BAC800DCB705 /* HomeViewRouter.swift */; };
		BCEF13A82A26BB5100DCB705 /* HabitView.swift in Sources */ = {isa = PBXBuildFile; fileRef = BCEF13A72A26BB5100DCB705 /* HabitView.swift */; };
		BCEF13AA2A26BB8D00DCB705 /* HabitViewModel.swift in Sources */ = {isa = PBXBuildFile; fileRef = BCEF13A92A26BB8D00DCB705 /* HabitViewModel.swift */; };
		BCEF13AC2A26C2D700DCB705 /* HabitModel.swift in Sources */ = {isa = PBXBuildFile; fileRef = BCEF13AB2A26C2D700DCB705 /* HabitModel.swift */; };
		BCF259D82A3D2FC800ACDF38 /* ProfileView.swift in Sources */ = {isa = PBXBuildFile; fileRef = BCF259D72A3D2FC800ACDF38 /* ProfileView.swift */; };
		BCF259DA2A3D376500ACDF38 /* GenderSelectorView.swift in Sources */ = {isa = PBXBuildFile; fileRef = BCF259D92A3D376500ACDF38 /* GenderSelectorView.swift */; };
		BCF356932A539478009EE5F6 /* HabitValueResponse.swift in Sources */ = {isa = PBXBuildFile; fileRef = BCF356922A539478009EE5F6 /* HabitValueResponse.swift */; };
		BCF356962A53A112009EE5F6 /* ChartRemoteDataSource.swift in Sources */ = {isa = PBXBuildFile; fileRef = BCF356952A53A112009EE5F6 /* ChartRemoteDataSource.swift */; };
		BCF356982A53A533009EE5F6 /* ChartInteractor.swift in Sources */ = {isa = PBXBuildFile; fileRef = BCF356972A53A533009EE5F6 /* ChartInteractor.swift */; };
		BCF3569A2A53A5EA009EE5F6 /* ChartUIState.swift in Sources */ = {isa = PBXBuildFile; fileRef = BCF356992A53A5EA009EE5F6 /* ChartUIState.swift */; };
		BCF377CA29E4E47700E88A7E /* HabitApp.swift in Sources */ = {isa = PBXBuildFile; fileRef = BCF377C929E4E47700E88A7E /* HabitApp.swift */; };
		BCF377CE29E4E47900E88A7E /* Assets.xcassets in Resources */ = {isa = PBXBuildFile; fileRef = BCF377CD29E4E47900E88A7E /* Assets.xcassets */; };
		BCF377D129E4E47900E88A7E /* Preview Assets.xcassets in Resources */ = {isa = PBXBuildFile; fileRef = BCF377D029E4E47900E88A7E /* Preview Assets.xcassets */; };
		BCF377DB29E4E63F00E88A7E /* SplashView.swift in Sources */ = {isa = PBXBuildFile; fileRef = BCF377DA29E4E63F00E88A7E /* SplashView.swift */; };
		BCF377DD29E4E6F300E88A7E /* SplashUIState.swift in Sources */ = {isa = PBXBuildFile; fileRef = BCF377DC29E4E6F300E88A7E /* SplashUIState.swift */; };
		BCF377E029E638C800E88A7E /* SplashViewModel.swift in Sources */ = {isa = PBXBuildFile; fileRef = BCF377DF29E638C800E88A7E /* SplashViewModel.swift */; };
		BCF377F329E8B2C500E88A7E /* SignInViewModel.swift in Sources */ = {isa = PBXBuildFile; fileRef = BCF377F229E8B2C500E88A7E /* SignInViewModel.swift */; };
		BCF377F529E8B2CE00E88A7E /* SignInUIState.swift in Sources */ = {isa = PBXBuildFile; fileRef = BCF377F429E8B2CE00E88A7E /* SignInUIState.swift */; };
		BCF377F729E8B2D900E88A7E /* SignInView.swift in Sources */ = {isa = PBXBuildFile; fileRef = BCF377F629E8B2D900E88A7E /* SignInView.swift */; };
		BCF377F929E8B6E300E88A7E /* SplashViewRouter.swift in Sources */ = {isa = PBXBuildFile; fileRef = BCF377F829E8B6E300E88A7E /* SplashViewRouter.swift */; };
		BCF5B9242A32A4A900C69E5E /* HabitResponse.swift in Sources */ = {isa = PBXBuildFile; fileRef = BCF5B9232A32A4A900C69E5E /* HabitResponse.swift */; };
		BCF5B9272A32A67300C69E5E /* HabitRemoteDataSource.swift in Sources */ = {isa = PBXBuildFile; fileRef = BCF5B9262A32A67300C69E5E /* HabitRemoteDataSource.swift */; };
		BCF5B9292A32A91900C69E5E /* HabitInteractor.swift in Sources */ = {isa = PBXBuildFile; fileRef = BCF5B9282A32A91900C69E5E /* HabitInteractor.swift */; };
		BCF5B92B2A32B1CB00C69E5E /* Date+Extension.swift in Sources */ = {isa = PBXBuildFile; fileRef = BCF5B92A2A32B1CB00C69E5E /* Date+Extension.swift */; };
		BCF96DB52A5B59A10019DCF2 /* Mask.swift in Sources */ = {isa = PBXBuildFile; fileRef = BCF96DB42A5B59A10019DCF2 /* Mask.swift */; };
		BCF96DB72A5B64A10019DCF2 /* ProfileEditTextView.swift in Sources */ = {isa = PBXBuildFile; fileRef = BCF96DB62A5B64A10019DCF2 /* ProfileEditTextView.swift */; };
		BCF979272A5999130073B249 /* HabitCreateView.swift in Sources */ = {isa = PBXBuildFile; fileRef = BCF979262A5999130073B249 /* HabitCreateView.swift */; };
		BCF979292A5999D80073B249 /* HabitCreateViewModel.swift in Sources */ = {isa = PBXBuildFile; fileRef = BCF979282A5999D80073B249 /* HabitCreateViewModel.swift */; };
		BCF9792B2A59AABC0073B249 /* HabitViewRouter.swift in Sources */ = {isa = PBXBuildFile; fileRef = BCF9792A2A59AABC0073B249 /* HabitViewRouter.swift */; };
		BCF9792D2A59F7190073B249 /* ImagePicker.swift in Sources */ = {isa = PBXBuildFile; fileRef = BCF9792C2A59F7190073B249 /* ImagePicker.swift */; };
/* End PBXBuildFile section */

/* Begin PBXFileReference section */
		0A54111BE6D9E9D143AB849A /* Pods-Habit.release.xcconfig */ = {isa = PBXFileReference; includeInIndex = 1; lastKnownFileType = text.xcconfig; name = "Pods-Habit.release.xcconfig"; path = "Target Support Files/Pods-Habit/Pods-Habit.release.xcconfig"; sourceTree = "<group>"; };
		813AF3EFA3E23DFA390B0D2A /* Pods_Habit.framework */ = {isa = PBXFileReference; explicitFileType = wrapper.framework; includeInIndex = 0; path = Pods_Habit.framework; sourceTree = BUILT_PRODUCTS_DIR; };
		9F9AEE2A32F56BDE8C72AB98 /* Pods-Habit.debug.xcconfig */ = {isa = PBXFileReference; includeInIndex = 1; lastKnownFileType = text.xcconfig; name = "Pods-Habit.debug.xcconfig"; path = "Target Support Files/Pods-Habit/Pods-Habit.debug.xcconfig"; sourceTree = "<group>"; };
		BC16349A29EDCB6600AA3AF9 /* Gender.swift */ = {isa = PBXFileReference; lastKnownFileType = sourcecode.swift; path = Gender.swift; sourceTree = "<group>"; };
		BC16349D29EDD74C00AA3AF9 /* SignUpUIState.swift */ = {isa = PBXFileReference; lastKnownFileType = sourcecode.swift; path = SignUpUIState.swift; sourceTree = "<group>"; };
		BC1C6A042A37D40F00996E00 /* HabitValueRequest.swift */ = {isa = PBXFileReference; lastKnownFileType = sourcecode.swift; path = HabitValueRequest.swift; sourceTree = "<group>"; };
		BC1C6A072A37D44A00996E00 /* HabitDetailRemoteDataSource.swift */ = {isa = PBXFileReference; lastKnownFileType = sourcecode.swift; path = HabitDetailRemoteDataSource.swift; sourceTree = "<group>"; };
		BC1C6A092A37D6E300996E00 /* HabitDetailInteractor.swift */ = {isa = PBXFileReference; lastKnownFileType = sourcecode.swift; path = HabitDetailInteractor.swift; sourceTree = "<group>"; };
		BC277A9A2A2D53DB00D4CFF6 /* ButtonStyle.swift */ = {isa = PBXFileReference; lastKnownFileType = sourcecode.swift; path = ButtonStyle.swift; sourceTree = "<group>"; };
		BC41E1072A2FF4F1007C42A1 /* HabitCardView.swift */ = {isa = PBXFileReference; lastKnownFileType = sourcecode.swift; path = HabitCardView.swift; sourceTree = "<group>"; };
		BC41E1092A2FF4FD007C42A1 /* HabitCardViewModel.swift */ = {isa = PBXFileReference; lastKnownFileType = sourcecode.swift; path = HabitCardViewModel.swift; sourceTree = "<group>"; };
		BC4C807B2A1D78DF00CBB9FF /* SignInInteractor.swift */ = {isa = PBXFileReference; lastKnownFileType = sourcecode.swift; path = SignInInteractor.swift; sourceTree = "<group>"; };
		BC4C807D2A1D7B4500CBB9FF /* SignInRemoteDataSource.swift */ = {isa = PBXFileReference; lastKnownFileType = sourcecode.swift; path = SignInRemoteDataSource.swift; sourceTree = "<group>"; };
		BC4C807F2A1ECD6500CBB9FF /* AppError.swift */ = {isa = PBXFileReference; lastKnownFileType = sourcecode.swift; path = AppError.swift; sourceTree = "<group>"; };
		BC4C80822A1ED9CF00CBB9FF /* SignUpInteractor.swift */ = {isa = PBXFileReference; lastKnownFileType = sourcecode.swift; path = SignUpInteractor.swift; sourceTree = "<group>"; };
		BC4C80842A1EDC5400CBB9FF /* SignUpRemoteDataSource.swift */ = {isa = PBXFileReference; lastKnownFileType = sourcecode.swift; path = SignUpRemoteDataSource.swift; sourceTree = "<group>"; };
		BC4C80862A200B1400CBB9FF /* UserAuth.swift */ = {isa = PBXFileReference; lastKnownFileType = sourcecode.swift; path = UserAuth.swift; sourceTree = "<group>"; };
		BC4C80882A200C7200CBB9FF /* LocalDataSource.swift */ = {isa = PBXFileReference; lastKnownFileType = sourcecode.swift; path = LocalDataSource.swift; sourceTree = "<group>"; };
		BC4C808B2A23C44300CBB9FF /* SplashInteractor.swift */ = {isa = PBXFileReference; lastKnownFileType = sourcecode.swift; path = SplashInteractor.swift; sourceTree = "<group>"; };
		BC4C808D2A23DD0F00CBB9FF /* RefreshRequest.swift */ = {isa = PBXFileReference; lastKnownFileType = sourcecode.swift; path = RefreshRequest.swift; sourceTree = "<group>"; };
		BC4C808F2A23E13900CBB9FF /* SplashRemoteDataSource.swift */ = {isa = PBXFileReference; lastKnownFileType = sourcecode.swift; path = SplashRemoteDataSource.swift; sourceTree = "<group>"; };
		BC4F78942A36341D002EAD73 /* HabitCardViewRouter.swift */ = {isa = PBXFileReference; lastKnownFileType = sourcecode.swift; path = HabitCardViewRouter.swift; sourceTree = "<group>"; };
		BC5F349B2A5A565300FD43B5 /* HabitCreateRequest.swift */ = {isa = PBXFileReference; lastKnownFileType = sourcecode.swift; path = HabitCreateRequest.swift; sourceTree = "<group>"; };
		BC5F349E2A5A569F00FD43B5 /* HabitCreateRemoteDataSource.swift */ = {isa = PBXFileReference; lastKnownFileType = sourcecode.swift; path = HabitCreateRemoteDataSource.swift; sourceTree = "<group>"; };
		BC5F34A02A5A577000FD43B5 /* HabitCreateInteractor.swift */ = {isa = PBXFileReference; lastKnownFileType = sourcecode.swift; path = HabitCreateInteractor.swift; sourceTree = "<group>"; };
		BC6D3CFE2A4E355B00BE9294 /* ProfileResponse.swift */ = {isa = PBXFileReference; lastKnownFileType = sourcecode.swift; path = ProfileResponse.swift; sourceTree = "<group>"; };
		BC6D3D012A4E3A1800BE9294 /* ProfileRemoteDataSource.swift */ = {isa = PBXFileReference; lastKnownFileType = sourcecode.swift; path = ProfileRemoteDataSource.swift; sourceTree = "<group>"; };
		BC6D3D032A4E3C1300BE9294 /* ProfileInteractor.swift */ = {isa = PBXFileReference; lastKnownFileType = sourcecode.swift; path = ProfileInteractor.swift; sourceTree = "<group>"; };
		BC6D3D052A4E3C8C00BE9294 /* ProfileUIState.swift */ = {isa = PBXFileReference; lastKnownFileType = sourcecode.swift; path = ProfileUIState.swift; sourceTree = "<group>"; };
		BC83E8D429FDD70B0099129F /* WebService.swift */ = {isa = PBXFileReference; lastKnownFileType = sourcecode.swift; path = WebService.swift; sourceTree = "<group>"; };
		BC83E8D629FDE4700099129F /* SignUpRequest.swift */ = {isa = PBXFileReference; lastKnownFileType = sourcecode.swift; path = SignUpRequest.swift; sourceTree = "<group>"; };
		BC842E382A3BD6CD007C80FE /* ImageView.swift */ = {isa = PBXFileReference; lastKnownFileType = sourcecode.swift; path = ImageView.swift; sourceTree = "<group>"; };
		BC866EDC2A15890200A36986 /* SignUpResponse.swift */ = {isa = PBXFileReference; lastKnownFileType = sourcecode.swift; path = SignUpResponse.swift; sourceTree = "<group>"; };
		BC866EDE2A158DAB00A36986 /* ErrorResponse.swift */ = {isa = PBXFileReference; lastKnownFileType = sourcecode.swift; path = ErrorResponse.swift; sourceTree = "<group>"; };
		BC98F6182A353A0E003EE3D4 /* HabitDetailUIState.swift */ = {isa = PBXFileReference; lastKnownFileType = sourcecode.swift; path = HabitDetailUIState.swift; sourceTree = "<group>"; };
		BC98F61A2A353A96003EE3D4 /* HabitDetailViewModel.swift */ = {isa = PBXFileReference; lastKnownFileType = sourcecode.swift; path = HabitDetailViewModel.swift; sourceTree = "<group>"; };
		BC98F61C2A353B26003EE3D4 /* HabitDetailView.swift */ = {isa = PBXFileReference; lastKnownFileType = sourcecode.swift; path = HabitDetailView.swift; sourceTree = "<group>"; };
		BCA92D8129EE1B5E006903DB /* SignUpViewModel.swift */ = {isa = PBXFileReference; lastKnownFileType = sourcecode.swift; path = SignUpViewModel.swift; sourceTree = "<group>"; };
		BCA92D8429EE1BE2006903DB /* SignUpViewRouter.swift */ = {isa = PBXFileReference; lastKnownFileType = sourcecode.swift; path = SignUpViewRouter.swift; sourceTree = "<group>"; };
		BCA92D8729F20E87006903DB /* EditTextView.swift */ = {isa = PBXFileReference; lastKnownFileType = sourcecode.swift; path = EditTextView.swift; sourceTree = "<group>"; };
		BCA92D8A29F2189B006903DB /* CustomTextFieldStyle.swift */ = {isa = PBXFileReference; lastKnownFileType = sourcecode.swift; path = CustomTextFieldStyle.swift; sourceTree = "<group>"; };
		BCA92D8D29F32C29006903DB /* String+Extension.swift */ = {isa = PBXFileReference; lastKnownFileType = sourcecode.swift; path = "String+Extension.swift"; sourceTree = "<group>"; };
		BCA92D8F29F33023006903DB /* LoadingButtonView.swift */ = {isa = PBXFileReference; lastKnownFileType = sourcecode.swift; path = LoadingButtonView.swift; sourceTree = "<group>"; };
		BCB2D0E72A4F0E9900D5D236 /* ProfileRequest.swift */ = {isa = PBXFileReference; lastKnownFileType = sourcecode.swift; path = ProfileRequest.swift; sourceTree = "<group>"; };
		BCB392082A15A399000EDD89 /* SignInRequest.swift */ = {isa = PBXFileReference; lastKnownFileType = sourcecode.swift; path = SignInRequest.swift; sourceTree = "<group>"; };
		BCB3920A2A15A4C8000EDD89 /* SignInResponse.swift */ = {isa = PBXFileReference; lastKnownFileType = sourcecode.swift; path = SignInResponse.swift; sourceTree = "<group>"; };
		BCB4F02729EB6FD7009FCD5C /* SignInViewRouter.swift */ = {isa = PBXFileReference; lastKnownFileType = sourcecode.swift; path = SignInViewRouter.swift; sourceTree = "<group>"; };
		BCB4F02D29EB702D009FCD5C /* HomeView.swift */ = {isa = PBXFileReference; lastKnownFileType = sourcecode.swift; path = HomeView.swift; sourceTree = "<group>"; };
		BCB4F02F29EB7037009FCD5C /* HomeViewModel.swift */ = {isa = PBXFileReference; lastKnownFileType = sourcecode.swift; path = HomeViewModel.swift; sourceTree = "<group>"; };
		BCB4F03529EB7809009FCD5C /* SignUpView.swift */ = {isa = PBXFileReference; lastKnownFileType = sourcecode.swift; path = SignUpView.swift; sourceTree = "<group>"; };
		BCC0849B2A4F982700483810 /* ChartView.swift */ = {isa = PBXFileReference; lastKnownFileType = sourcecode.swift; path = ChartView.swift; sourceTree = "<group>"; };
		BCC250EB2A16E94900A7DFC0 /* SignInErrorResponse.swift */ = {isa = PBXFileReference; lastKnownFileType = sourcecode.swift; path = SignInErrorResponse.swift; sourceTree = "<group>"; };
		BCC479982A50D6A6003BCB51 /* ChartViewModel.swift */ = {isa = PBXFileReference; lastKnownFileType = sourcecode.swift; path = ChartViewModel.swift; sourceTree = "<group>"; };
		BCC4799A2A50D7BF003BCB51 /* BoxChartView.swift */ = {isa = PBXFileReference; lastKnownFileType = sourcecode.swift; path = BoxChartView.swift; sourceTree = "<group>"; };
		BCD6CFA62A4A3D47008E88B5 /* ProfileViewModel.swift */ = {isa = PBXFileReference; lastKnownFileType = sourcecode.swift; path = ProfileViewModel.swift; sourceTree = "<group>"; };
		BCEF13A12A26BAC800DCB705 /* HomeViewRouter.swift */ = {isa = PBXFileReference; lastKnownFileType = sourcecode.swift; path = HomeViewRouter.swift; sourceTree = "<group>"; };
		BCEF13A72A26BB5100DCB705 /* HabitView.swift */ = {isa = PBXFileReference; lastKnownFileType = sourcecode.swift; path = HabitView.swift; sourceTree = "<group>"; };
		BCEF13A92A26BB8D00DCB705 /* HabitViewModel.swift */ = {isa = PBXFileReference; lastKnownFileType = sourcecode.swift; path = HabitViewModel.swift; sourceTree = "<group>"; };
		BCEF13AB2A26C2D700DCB705 /* HabitModel.swift */ = {isa = PBXFileReference; lastKnownFileType = sourcecode.swift; path = HabitModel.swift; sourceTree = "<group>"; };
		BCF259D72A3D2FC800ACDF38 /* ProfileView.swift */ = {isa = PBXFileReference; lastKnownFileType = sourcecode.swift; path = ProfileView.swift; sourceTree = "<group>"; };
		BCF259D92A3D376500ACDF38 /* GenderSelectorView.swift */ = {isa = PBXFileReference; lastKnownFileType = sourcecode.swift; path = GenderSelectorView.swift; sourceTree = "<group>"; };
		BCF356922A539478009EE5F6 /* HabitValueResponse.swift */ = {isa = PBXFileReference; lastKnownFileType = sourcecode.swift; path = HabitValueResponse.swift; sourceTree = "<group>"; };
		BCF356952A53A112009EE5F6 /* ChartRemoteDataSource.swift */ = {isa = PBXFileReference; lastKnownFileType = sourcecode.swift; path = ChartRemoteDataSource.swift; sourceTree = "<group>"; };
		BCF356972A53A533009EE5F6 /* ChartInteractor.swift */ = {isa = PBXFileReference; lastKnownFileType = sourcecode.swift; path = ChartInteractor.swift; sourceTree = "<group>"; };
		BCF356992A53A5EA009EE5F6 /* ChartUIState.swift */ = {isa = PBXFileReference; lastKnownFileType = sourcecode.swift; path = ChartUIState.swift; sourceTree = "<group>"; };
		BCF377C629E4E47700E88A7E /* Habit.app */ = {isa = PBXFileReference; explicitFileType = wrapper.application; includeInIndex = 0; path = Habit.app; sourceTree = BUILT_PRODUCTS_DIR; };
		BCF377C929E4E47700E88A7E /* HabitApp.swift */ = {isa = PBXFileReference; lastKnownFileType = sourcecode.swift; path = HabitApp.swift; sourceTree = "<group>"; };
		BCF377CD29E4E47900E88A7E /* Assets.xcassets */ = {isa = PBXFileReference; lastKnownFileType = folder.assetcatalog; path = Assets.xcassets; sourceTree = "<group>"; };
		BCF377D029E4E47900E88A7E /* Preview Assets.xcassets */ = {isa = PBXFileReference; lastKnownFileType = folder.assetcatalog; path = "Preview Assets.xcassets"; sourceTree = "<group>"; };
		BCF377DA29E4E63F00E88A7E /* SplashView.swift */ = {isa = PBXFileReference; lastKnownFileType = sourcecode.swift; path = SplashView.swift; sourceTree = "<group>"; };
		BCF377DC29E4E6F300E88A7E /* SplashUIState.swift */ = {isa = PBXFileReference; lastKnownFileType = sourcecode.swift; path = SplashUIState.swift; sourceTree = "<group>"; };
		BCF377DF29E638C800E88A7E /* SplashViewModel.swift */ = {isa = PBXFileReference; lastKnownFileType = sourcecode.swift; path = SplashViewModel.swift; sourceTree = "<group>"; };
		BCF377F229E8B2C500E88A7E /* SignInViewModel.swift */ = {isa = PBXFileReference; lastKnownFileType = sourcecode.swift; path = SignInViewModel.swift; sourceTree = "<group>"; };
		BCF377F429E8B2CE00E88A7E /* SignInUIState.swift */ = {isa = PBXFileReference; lastKnownFileType = sourcecode.swift; path = SignInUIState.swift; sourceTree = "<group>"; };
		BCF377F629E8B2D900E88A7E /* SignInView.swift */ = {isa = PBXFileReference; lastKnownFileType = sourcecode.swift; path = SignInView.swift; sourceTree = "<group>"; };
		BCF377F829E8B6E300E88A7E /* SplashViewRouter.swift */ = {isa = PBXFileReference; lastKnownFileType = sourcecode.swift; path = SplashViewRouter.swift; sourceTree = "<group>"; };
		BCF5B9232A32A4A900C69E5E /* HabitResponse.swift */ = {isa = PBXFileReference; lastKnownFileType = sourcecode.swift; path = HabitResponse.swift; sourceTree = "<group>"; };
		BCF5B9262A32A67300C69E5E /* HabitRemoteDataSource.swift */ = {isa = PBXFileReference; lastKnownFileType = sourcecode.swift; path = HabitRemoteDataSource.swift; sourceTree = "<group>"; };
		BCF5B9282A32A91900C69E5E /* HabitInteractor.swift */ = {isa = PBXFileReference; lastKnownFileType = sourcecode.swift; path = HabitInteractor.swift; sourceTree = "<group>"; };
		BCF5B92A2A32B1CB00C69E5E /* Date+Extension.swift */ = {isa = PBXFileReference; lastKnownFileType = sourcecode.swift; path = "Date+Extension.swift"; sourceTree = "<group>"; };
		BCF96DB42A5B59A10019DCF2 /* Mask.swift */ = {isa = PBXFileReference; lastKnownFileType = sourcecode.swift; path = Mask.swift; sourceTree = "<group>"; };
		BCF96DB62A5B64A10019DCF2 /* ProfileEditTextView.swift */ = {isa = PBXFileReference; lastKnownFileType = sourcecode.swift; path = ProfileEditTextView.swift; sourceTree = "<group>"; };
		BCF979262A5999130073B249 /* HabitCreateView.swift */ = {isa = PBXFileReference; lastKnownFileType = sourcecode.swift; path = HabitCreateView.swift; sourceTree = "<group>"; };
		BCF979282A5999D80073B249 /* HabitCreateViewModel.swift */ = {isa = PBXFileReference; lastKnownFileType = sourcecode.swift; path = HabitCreateViewModel.swift; sourceTree = "<group>"; };
		BCF9792A2A59AABC0073B249 /* HabitViewRouter.swift */ = {isa = PBXFileReference; lastKnownFileType = sourcecode.swift; path = HabitViewRouter.swift; sourceTree = "<group>"; };
		BCF9792C2A59F7190073B249 /* ImagePicker.swift */ = {isa = PBXFileReference; lastKnownFileType = sourcecode.swift; path = ImagePicker.swift; sourceTree = "<group>"; };
/* End PBXFileReference section */

/* Begin PBXFrameworksBuildPhase section */
		BCF377C329E4E47700E88A7E /* Frameworks */ = {
			isa = PBXFrameworksBuildPhase;
			buildActionMask = 2147483647;
			files = (
				2B40784967D15CFC259D93B8 /* Pods_Habit.framework in Frameworks */,
			);
			runOnlyForDeploymentPostprocessing = 0;
		};
/* End PBXFrameworksBuildPhase section */

/* Begin PBXGroup section */
		203BC598B104706ECF67C987 /* Frameworks */ = {
			isa = PBXGroup;
			children = (
				813AF3EFA3E23DFA390B0D2A /* Pods_Habit.framework */,
			);
			name = Frameworks;
			sourceTree = "<group>";
		};
		7CE17738A9D436AAD2081545 /* Pods */ = {
			isa = PBXGroup;
			children = (
				9F9AEE2A32F56BDE8C72AB98 /* Pods-Habit.debug.xcconfig */,
				0A54111BE6D9E9D143AB849A /* Pods-Habit.release.xcconfig */,
			);
			path = Pods;
			sourceTree = "<group>";
		};
		BC16349829EDCB5100AA3AF9 /* Common */ = {
			isa = PBXGroup;
			children = (
				BCF96DB32A5B59940019DCF2 /* Util */,
				BC83E8D329FDD6EA0099129F /* Network */,
				BCA92D8C29F32BF5006903DB /* Lang */,
				BCA92D8629F20E70006903DB /* View */,
				BC16349929EDCB5900AA3AF9 /* Model */,
			);
			path = Common;
			sourceTree = "<group>";
		};
		BC16349929EDCB5900AA3AF9 /* Model */ = {
			isa = PBXGroup;
			children = (
				BC16349A29EDCB6600AA3AF9 /* Gender.swift */,
				BC866EDE2A158DAB00A36986 /* ErrorResponse.swift */,
				BC4C807F2A1ECD6500CBB9FF /* AppError.swift */,
				BC4C80862A200B1400CBB9FF /* UserAuth.swift */,
			);
			path = Model;
			sourceTree = "<group>";
		};
		BC1C6A062A37D43800996E00 /* Interactor */ = {
			isa = PBXGroup;
			children = (
				BC1C6A072A37D44A00996E00 /* HabitDetailRemoteDataSource.swift */,
				BC1C6A092A37D6E300996E00 /* HabitDetailInteractor.swift */,
			);
			path = Interactor;
			sourceTree = "<group>";
		};
		BC277A992A2D53B400D4CFF6 /* Modifier */ = {
			isa = PBXGroup;
			children = (
				BC277A9A2A2D53DB00D4CFF6 /* ButtonStyle.swift */,
			);
			path = Modifier;
			sourceTree = "<group>";
		};
		BC4C807A2A1D78C700CBB9FF /* Interactor */ = {
			isa = PBXGroup;
			children = (
				BC4C807D2A1D7B4500CBB9FF /* SignInRemoteDataSource.swift */,
				BC4C807B2A1D78DF00CBB9FF /* SignInInteractor.swift */,
			);
			path = Interactor;
			sourceTree = "<group>";
		};
		BC4C80812A1ED96000CBB9FF /* Interactor */ = {
			isa = PBXGroup;
			children = (
				BC4C80822A1ED9CF00CBB9FF /* SignUpInteractor.swift */,
				BC4C80842A1EDC5400CBB9FF /* SignUpRemoteDataSource.swift */,
			);
			path = Interactor;
			sourceTree = "<group>";
		};
		BC4C808A2A23C41000CBB9FF /* Interactor */ = {
			isa = PBXGroup;
			children = (
				BC4C808B2A23C44300CBB9FF /* SplashInteractor.swift */,
				BC4C808F2A23E13900CBB9FF /* SplashRemoteDataSource.swift */,
			);
			path = Interactor;
			sourceTree = "<group>";
		};
		BC5F349D2A5A569000FD43B5 /* Interactor */ = {
			isa = PBXGroup;
			children = (
				BC5F349E2A5A569F00FD43B5 /* HabitCreateRemoteDataSource.swift */,
				BC5F34A02A5A577000FD43B5 /* HabitCreateInteractor.swift */,
			);
			path = Interactor;
			sourceTree = "<group>";
		};
		BC6D3D002A4E3A0700BE9294 /* Interactor */ = {
			isa = PBXGroup;
			children = (
				BC6D3D012A4E3A1800BE9294 /* ProfileRemoteDataSource.swift */,
				BC6D3D032A4E3C1300BE9294 /* ProfileInteractor.swift */,
			);
			path = Interactor;
			sourceTree = "<group>";
		};
		BC83E8D329FDD6EA0099129F /* Network */ = {
			isa = PBXGroup;
			children = (
				BC83E8D429FDD70B0099129F /* WebService.swift */,
				BC4C80882A200C7200CBB9FF /* LocalDataSource.swift */,
				BCF96DB42A5B59A10019DCF2 /* Mask.swift */,
			);
			path = Network;
			sourceTree = "<group>";
		};
		BC98F6142A3539C6003EE3D4 /* HabitDetail */ = {
			isa = PBXGroup;
			children = (
				BC1C6A062A37D43800996E00 /* Interactor */,
				BC98F6172A3539DA003EE3D4 /* ViewModel */,
				BC98F6162A3539D5003EE3D4 /* View */,
				BC98F6152A3539D0003EE3D4 /* Model */,
			);
			path = HabitDetail;
			sourceTree = "<group>";
		};
		BC98F6152A3539D0003EE3D4 /* Model */ = {
			isa = PBXGroup;
			children = (
				BC98F6182A353A0E003EE3D4 /* HabitDetailUIState.swift */,
				BC1C6A042A37D40F00996E00 /* HabitValueRequest.swift */,
			);
			path = Model;
			sourceTree = "<group>";
		};
		BC98F6162A3539D5003EE3D4 /* View */ = {
			isa = PBXGroup;
			children = (
				BC98F61C2A353B26003EE3D4 /* HabitDetailView.swift */,
			);
			path = View;
			sourceTree = "<group>";
		};
		BC98F6172A3539DA003EE3D4 /* ViewModel */ = {
			isa = PBXGroup;
			children = (
				BC98F61A2A353A96003EE3D4 /* HabitDetailViewModel.swift */,
			);
			path = ViewModel;
			sourceTree = "<group>";
		};
		BCA92D8629F20E70006903DB /* View */ = {
			isa = PBXGroup;
			children = (
				BC277A992A2D53B400D4CFF6 /* Modifier */,
				BCA92D8929F21880006903DB /* Style */,
				BCA92D8729F20E87006903DB /* EditTextView.swift */,
				BC842E382A3BD6CD007C80FE /* ImageView.swift */,
				BCA92D8F29F33023006903DB /* LoadingButtonView.swift */,
				BCF9792C2A59F7190073B249 /* ImagePicker.swift */,
				BCF96DB62A5B64A10019DCF2 /* ProfileEditTextView.swift */,
			);
			path = View;
			sourceTree = "<group>";
		};
		BCA92D8929F21880006903DB /* Style */ = {
			isa = PBXGroup;
			children = (
				BCA92D8A29F2189B006903DB /* CustomTextFieldStyle.swift */,
			);
			path = Style;
			sourceTree = "<group>";
		};
		BCA92D8C29F32BF5006903DB /* Lang */ = {
			isa = PBXGroup;
			children = (
				BCA92D8D29F32C29006903DB /* String+Extension.swift */,
				BCF5B92A2A32B1CB00C69E5E /* Date+Extension.swift */,
			);
			path = Lang;
			sourceTree = "<group>";
		};
		BCB4F02929EB6FF9009FCD5C /* Home */ = {
			isa = PBXGroup;
			children = (
				BCB4F02C29EB7011009FCD5C /* View */,
				BCB4F02B29EB700B009FCD5C /* ViewModel */,
				BCB4F02A29EB7005009FCD5C /* Model */,
			);
			path = Home;
			sourceTree = "<group>";
		};
		BCB4F02A29EB7005009FCD5C /* Model */ = {
			isa = PBXGroup;
			children = (
			);
			path = Model;
			sourceTree = "<group>";
		};
		BCB4F02B29EB700B009FCD5C /* ViewModel */ = {
			isa = PBXGroup;
			children = (
				BCB4F02F29EB7037009FCD5C /* HomeViewModel.swift */,
				BCEF13A12A26BAC800DCB705 /* HomeViewRouter.swift */,
			);
			path = ViewModel;
			sourceTree = "<group>";
		};
		BCB4F02C29EB7011009FCD5C /* View */ = {
			isa = PBXGroup;
			children = (
				BCB4F02D29EB702D009FCD5C /* HomeView.swift */,
			);
			path = View;
			sourceTree = "<group>";
		};
		BCB4F03129EB77C8009FCD5C /* SignUp */ = {
			isa = PBXGroup;
			children = (
				BC4C80812A1ED96000CBB9FF /* Interactor */,
				BCB4F03429EB77E6009FCD5C /* View */,
				BCB4F03329EB77DE009FCD5C /* ViewModel */,
				BCB4F03229EB77D8009FCD5C /* Model */,
			);
			path = SignUp;
			sourceTree = "<group>";
		};
		BCB4F03229EB77D8009FCD5C /* Model */ = {
			isa = PBXGroup;
			children = (
				BC16349D29EDD74C00AA3AF9 /* SignUpUIState.swift */,
				BC83E8D629FDE4700099129F /* SignUpRequest.swift */,
				BC866EDC2A15890200A36986 /* SignUpResponse.swift */,
			);
			path = Model;
			sourceTree = "<group>";
		};
		BCB4F03329EB77DE009FCD5C /* ViewModel */ = {
			isa = PBXGroup;
			children = (
				BCA92D8129EE1B5E006903DB /* SignUpViewModel.swift */,
				BCA92D8429EE1BE2006903DB /* SignUpViewRouter.swift */,
			);
			path = ViewModel;
			sourceTree = "<group>";
		};
		BCB4F03429EB77E6009FCD5C /* View */ = {
			isa = PBXGroup;
			children = (
				BCB4F03529EB7809009FCD5C /* SignUpView.swift */,
			);
			path = View;
			sourceTree = "<group>";
		};
		BCC084972A4F97FA00483810 /* Charts */ = {
			isa = PBXGroup;
			children = (
				BCF356942A53A105009EE5F6 /* Interactor */,
				BCC0849A2A4F980E00483810 /* View */,
				BCC479962A50D692003BCB51 /* ViewModel */,
				BCC479972A50D69B003BCB51 /* Model */,
			);
			path = Charts;
			sourceTree = "<group>";
		};
		BCC0849A2A4F980E00483810 /* View */ = {
			isa = PBXGroup;
			children = (
				BCC0849B2A4F982700483810 /* ChartView.swift */,
				BCC4799A2A50D7BF003BCB51 /* BoxChartView.swift */,
			);
			path = View;
			sourceTree = "<group>";
		};
		BCC479962A50D692003BCB51 /* ViewModel */ = {
			isa = PBXGroup;
			children = (
				BCC479982A50D6A6003BCB51 /* ChartViewModel.swift */,
			);
			path = ViewModel;
			sourceTree = "<group>";
		};
		BCC479972A50D69B003BCB51 /* Model */ = {
			isa = PBXGroup;
			children = (
				BCF356922A539478009EE5F6 /* HabitValueResponse.swift */,
				BCF356992A53A5EA009EE5F6 /* ChartUIState.swift */,
			);
			path = Model;
			sourceTree = "<group>";
		};
		BCEF13A32A26BB0E00DCB705 /* Habit */ = {
			isa = PBXGroup;
			children = (
				BCF5B9252A32A65F00C69E5E /* Interactor */,
				BCEF13A62A26BB2D00DCB705 /* View */,
				BCEF13A52A26BB2700DCB705 /* ViewModel */,
				BCEF13A42A26BB2000DCB705 /* Model */,
			);
			path = Habit;
			sourceTree = "<group>";
		};
		BCEF13A42A26BB2000DCB705 /* Model */ = {
			isa = PBXGroup;
			children = (
				BCEF13AB2A26C2D700DCB705 /* HabitModel.swift */,
				BCF5B9232A32A4A900C69E5E /* HabitResponse.swift */,
			);
			path = Model;
			sourceTree = "<group>";
		};
		BCEF13A52A26BB2700DCB705 /* ViewModel */ = {
			isa = PBXGroup;
			children = (
				BCEF13A92A26BB8D00DCB705 /* HabitViewModel.swift */,
				BC41E1092A2FF4FD007C42A1 /* HabitCardViewModel.swift */,
				BC4F78942A36341D002EAD73 /* HabitCardViewRouter.swift */,
				BCF9792A2A59AABC0073B249 /* HabitViewRouter.swift */,
			);
			path = ViewModel;
			sourceTree = "<group>";
		};
		BCEF13A62A26BB2D00DCB705 /* View */ = {
			isa = PBXGroup;
			children = (
				BCEF13A72A26BB5100DCB705 /* HabitView.swift */,
				BC41E1072A2FF4F1007C42A1 /* HabitCardView.swift */,
			);
			path = View;
			sourceTree = "<group>";
		};
		BCF259D32A3D2E9D00ACDF38 /* Profile */ = {
			isa = PBXGroup;
			children = (
				BC6D3D002A4E3A0700BE9294 /* Interactor */,
				BCF259D62A3D2EBF00ACDF38 /* View */,
				BCF259D52A3D2EB000ACDF38 /* ViewModel */,
				BCF259D42A3D2EAA00ACDF38 /* Model */,
			);
			path = Profile;
			sourceTree = "<group>";
		};
		BCF259D42A3D2EAA00ACDF38 /* Model */ = {
			isa = PBXGroup;
			children = (
				BC6D3CFE2A4E355B00BE9294 /* ProfileResponse.swift */,
				BC6D3D052A4E3C8C00BE9294 /* ProfileUIState.swift */,
				BCB2D0E72A4F0E9900D5D236 /* ProfileRequest.swift */,
			);
			path = Model;
			sourceTree = "<group>";
		};
		BCF259D52A3D2EB000ACDF38 /* ViewModel */ = {
			isa = PBXGroup;
			children = (
				BCD6CFA62A4A3D47008E88B5 /* ProfileViewModel.swift */,
			);
			path = ViewModel;
			sourceTree = "<group>";
		};
		BCF259D62A3D2EBF00ACDF38 /* View */ = {
			isa = PBXGroup;
			children = (
				BCF259D72A3D2FC800ACDF38 /* ProfileView.swift */,
				BCF259D92A3D376500ACDF38 /* GenderSelectorView.swift */,
			);
			path = View;
			sourceTree = "<group>";
		};
		BCF356942A53A105009EE5F6 /* Interactor */ = {
			isa = PBXGroup;
			children = (
				BCF356952A53A112009EE5F6 /* ChartRemoteDataSource.swift */,
				BCF356972A53A533009EE5F6 /* ChartInteractor.swift */,
			);
			path = Interactor;
			sourceTree = "<group>";
		};
		BCF377BD29E4E47700E88A7E = {
			isa = PBXGroup;
			children = (
				BCF377C829E4E47700E88A7E /* Habit */,
				BCF377C929E4E47700E88A7E /* HabitApp.swift */,
				BCF377CD29E4E47900E88A7E /* Assets.xcassets */,
				BCF377C729E4E47700E88A7E /* Products */,
				7CE17738A9D436AAD2081545 /* Pods */,
				203BC598B104706ECF67C987 /* Frameworks */,
			);
			sourceTree = "<group>";
		};
		BCF377C729E4E47700E88A7E /* Products */ = {
			isa = PBXGroup;
			children = (
				BCF377C629E4E47700E88A7E /* Habit.app */,
			);
			name = Products;
			sourceTree = "<group>";
		};
		BCF377C829E4E47700E88A7E /* Habit */ = {
			isa = PBXGroup;
			children = (
				BCF979222A5998DD0073B249 /* HabitCreate */,
				BCC084972A4F97FA00483810 /* Charts */,
				BC16349829EDCB5100AA3AF9 /* Common */,
				BCEF13A32A26BB0E00DCB705 /* Habit */,
				BC98F6142A3539C6003EE3D4 /* HabitDetail */,
				BCB4F02929EB6FF9009FCD5C /* Home */,
				BCF259D32A3D2E9D00ACDF38 /* Profile */,
				BCF377EE29E8AD3F00E88A7E /* SignIn */,
				BCB4F03129EB77C8009FCD5C /* SignUp */,
				BCF377D729E4E5C000E88A7E /* Splash */,
				BCF377CF29E4E47900E88A7E /* Preview Content */,
			);
			path = Habit;
			sourceTree = "<group>";
		};
		BCF377CF29E4E47900E88A7E /* Preview Content */ = {
			isa = PBXGroup;
			children = (
				BCF377D029E4E47900E88A7E /* Preview Assets.xcassets */,
			);
			path = "Preview Content";
			sourceTree = "<group>";
		};
		BCF377D729E4E5C000E88A7E /* Splash */ = {
			isa = PBXGroup;
			children = (
				BC4C808A2A23C41000CBB9FF /* Interactor */,
				BCF377D829E4E5EB00E88A7E /* View */,
				BCF377DE29E6387600E88A7E /* ViewModel */,
				BCF377D929E4E5FD00E88A7E /* Model */,
			);
			path = Splash;
			sourceTree = "<group>";
		};
		BCF377D829E4E5EB00E88A7E /* View */ = {
			isa = PBXGroup;
			children = (
				BCF377DA29E4E63F00E88A7E /* SplashView.swift */,
			);
			path = View;
			sourceTree = "<group>";
		};
		BCF377D929E4E5FD00E88A7E /* Model */ = {
			isa = PBXGroup;
			children = (
				BCF377DC29E4E6F300E88A7E /* SplashUIState.swift */,
				BC4C808D2A23DD0F00CBB9FF /* RefreshRequest.swift */,
			);
			path = Model;
			sourceTree = "<group>";
		};
		BCF377DE29E6387600E88A7E /* ViewModel */ = {
			isa = PBXGroup;
			children = (
				BCF377DF29E638C800E88A7E /* SplashViewModel.swift */,
				BCF377F829E8B6E300E88A7E /* SplashViewRouter.swift */,
			);
			path = ViewModel;
			sourceTree = "<group>";
		};
		BCF377EE29E8AD3F00E88A7E /* SignIn */ = {
			isa = PBXGroup;
			children = (
				BC4C807A2A1D78C700CBB9FF /* Interactor */,
				BCF377F129E8B2A100E88A7E /* View */,
				BCF377EF29E8B29400E88A7E /* ViewModel */,
				BCF377F029E8B29B00E88A7E /* Model */,
			);
			path = SignIn;
			sourceTree = "<group>";
		};
		BCF377EF29E8B29400E88A7E /* ViewModel */ = {
			isa = PBXGroup;
			children = (
				BCF377F229E8B2C500E88A7E /* SignInViewModel.swift */,
				BCB4F02729EB6FD7009FCD5C /* SignInViewRouter.swift */,
			);
			path = ViewModel;
			sourceTree = "<group>";
		};
		BCF377F029E8B29B00E88A7E /* Model */ = {
			isa = PBXGroup;
			children = (
				BCF377F429E8B2CE00E88A7E /* SignInUIState.swift */,
				BCB392082A15A399000EDD89 /* SignInRequest.swift */,
				BCB3920A2A15A4C8000EDD89 /* SignInResponse.swift */,
				BCC250EB2A16E94900A7DFC0 /* SignInErrorResponse.swift */,
			);
			path = Model;
			sourceTree = "<group>";
		};
		BCF377F129E8B2A100E88A7E /* View */ = {
			isa = PBXGroup;
			children = (
				BCF377F629E8B2D900E88A7E /* SignInView.swift */,
			);
			path = View;
			sourceTree = "<group>";
		};
		BCF5B9252A32A65F00C69E5E /* Interactor */ = {
			isa = PBXGroup;
			children = (
				BCF5B9262A32A67300C69E5E /* HabitRemoteDataSource.swift */,
				BCF5B9282A32A91900C69E5E /* HabitInteractor.swift */,
			);
			path = Interactor;
			sourceTree = "<group>";
		};
		BCF96DB32A5B59940019DCF2 /* Util */ = {
			isa = PBXGroup;
			children = (
			);
			path = Util;
			sourceTree = "<group>";
		};
		BCF979222A5998DD0073B249 /* HabitCreate */ = {
			isa = PBXGroup;
			children = (
				BC5F349D2A5A569000FD43B5 /* Interactor */,
				BCF979252A5998F60073B249 /* View */,
				BCF979242A5998ED0073B249 /* ViewModel */,
				BCF979232A5998E70073B249 /* Model */,
			);
			path = HabitCreate;
			sourceTree = "<group>";
		};
		BCF979232A5998E70073B249 /* Model */ = {
			isa = PBXGroup;
			children = (
				BC5F349B2A5A565300FD43B5 /* HabitCreateRequest.swift */,
			);
			path = Model;
			sourceTree = "<group>";
		};
		BCF979242A5998ED0073B249 /* ViewModel */ = {
			isa = PBXGroup;
			children = (
				BCF979282A5999D80073B249 /* HabitCreateViewModel.swift */,
			);
			path = ViewModel;
			sourceTree = "<group>";
		};
		BCF979252A5998F60073B249 /* View */ = {
			isa = PBXGroup;
			children = (
				BCF979262A5999130073B249 /* HabitCreateView.swift */,
			);
			path = View;
			sourceTree = "<group>";
		};
/* End PBXGroup section */

/* Begin PBXNativeTarget section */
		BCF377C529E4E47700E88A7E /* Habit */ = {
			isa = PBXNativeTarget;
			buildConfigurationList = BCF377D429E4E47900E88A7E /* Build configuration list for PBXNativeTarget "Habit" */;
			buildPhases = (
				5AFBA37403D92C476410AA65 /* [CP] Check Pods Manifest.lock */,
				BCF377C229E4E47700E88A7E /* Sources */,
				BCF377C329E4E47700E88A7E /* Frameworks */,
				BCF377C429E4E47700E88A7E /* Resources */,
				8690D998A7775BD9C70D545F /* [CP] Embed Pods Frameworks */,
			);
			buildRules = (
			);
			dependencies = (
			);
			name = Habit;
			productName = Habit;
			productReference = BCF377C629E4E47700E88A7E /* Habit.app */;
			productType = "com.apple.product-type.application";
		};
/* End PBXNativeTarget section */

/* Begin PBXProject section */
		BCF377BE29E4E47700E88A7E /* Project object */ = {
			isa = PBXProject;
			attributes = {
				BuildIndependentTargetsInParallel = 1;
				LastSwiftUpdateCheck = 1430;
				LastUpgradeCheck = 1430;
				TargetAttributes = {
					BCF377C529E4E47700E88A7E = {
						CreatedOnToolsVersion = 14.3;
					};
				};
			};
			buildConfigurationList = BCF377C129E4E47700E88A7E /* Build configuration list for PBXProject "Habit" */;
			compatibilityVersion = "Xcode 14.0";
			developmentRegion = en;
			hasScannedForEncodings = 0;
			knownRegions = (
				en,
				Base,
			);
			mainGroup = BCF377BD29E4E47700E88A7E;
			productRefGroup = BCF377C729E4E47700E88A7E /* Products */;
			projectDirPath = "";
			projectRoot = "";
			targets = (
				BCF377C529E4E47700E88A7E /* Habit */,
			);
		};
/* End PBXProject section */

/* Begin PBXResourcesBuildPhase section */
		BCF377C429E4E47700E88A7E /* Resources */ = {
			isa = PBXResourcesBuildPhase;
			buildActionMask = 2147483647;
			files = (
				BCF377D129E4E47900E88A7E /* Preview Assets.xcassets in Resources */,
				BCF377CE29E4E47900E88A7E /* Assets.xcassets in Resources */,
			);
			runOnlyForDeploymentPostprocessing = 0;
		};
/* End PBXResourcesBuildPhase section */

/* Begin PBXShellScriptBuildPhase section */
		5AFBA37403D92C476410AA65 /* [CP] Check Pods Manifest.lock */ = {
			isa = PBXShellScriptBuildPhase;
			buildActionMask = 2147483647;
			files = (
			);
			inputFileListPaths = (
			);
			inputPaths = (
				"${PODS_PODFILE_DIR_PATH}/Podfile.lock",
				"${PODS_ROOT}/Manifest.lock",
			);
			name = "[CP] Check Pods Manifest.lock";
			outputFileListPaths = (
			);
			outputPaths = (
				"$(DERIVED_FILE_DIR)/Pods-Habit-checkManifestLockResult.txt",
			);
			runOnlyForDeploymentPostprocessing = 0;
			shellPath = /bin/sh;
			shellScript = "diff \"${PODS_PODFILE_DIR_PATH}/Podfile.lock\" \"${PODS_ROOT}/Manifest.lock\" > /dev/null\nif [ $? != 0 ] ; then\n    # print error to STDERR\n    echo \"error: The sandbox is not in sync with the Podfile.lock. Run 'pod install' or update your CocoaPods installation.\" >&2\n    exit 1\nfi\n# This output is used by Xcode 'outputs' to avoid re-running this script phase.\necho \"SUCCESS\" > \"${SCRIPT_OUTPUT_FILE_0}\"\n";
			showEnvVarsInLog = 0;
		};
		8690D998A7775BD9C70D545F /* [CP] Embed Pods Frameworks */ = {
			isa = PBXShellScriptBuildPhase;
			buildActionMask = 2147483647;
			files = (
			);
			inputFileListPaths = (
				"${PODS_ROOT}/Target Support Files/Pods-Habit/Pods-Habit-frameworks-${CONFIGURATION}-input-files.xcfilelist",
			);
			name = "[CP] Embed Pods Frameworks";
			outputFileListPaths = (
				"${PODS_ROOT}/Target Support Files/Pods-Habit/Pods-Habit-frameworks-${CONFIGURATION}-output-files.xcfilelist",
			);
			runOnlyForDeploymentPostprocessing = 0;
			shellPath = /bin/sh;
			shellScript = "\"${PODS_ROOT}/Target Support Files/Pods-Habit/Pods-Habit-frameworks.sh\"\n";
			showEnvVarsInLog = 0;
		};
/* End PBXShellScriptBuildPhase section */

/* Begin PBXSourcesBuildPhase section */
		BCF377C229E4E47700E88A7E /* Sources */ = {
			isa = PBXSourcesBuildPhase;
			buildActionMask = 2147483647;
			files = (
				BC41E1082A2FF4F1007C42A1 /* HabitCardView.swift in Sources */,
				BC866EDD2A15890200A36986 /* SignUpResponse.swift in Sources */,
				BCF979292A5999D80073B249 /* HabitCreateViewModel.swift in Sources */,
				BCF96DB52A5B59A10019DCF2 /* Mask.swift in Sources */,
				BCF377F929E8B6E300E88A7E /* SplashViewRouter.swift in Sources */,
				BC4C80802A1ECD6500CBB9FF /* AppError.swift in Sources */,
				BC4C80902A23E13900CBB9FF /* SplashRemoteDataSource.swift in Sources */,
				BC98F61D2A353B26003EE3D4 /* HabitDetailView.swift in Sources */,
				BC4F78952A36341D002EAD73 /* HabitCardViewRouter.swift in Sources */,
				BCF979272A5999130073B249 /* HabitCreateView.swift in Sources */,
				BCF5B92B2A32B1CB00C69E5E /* Date+Extension.swift in Sources */,
				BC6D3CFF2A4E355B00BE9294 /* ProfileResponse.swift in Sources */,
				BCB4F03029EB7037009FCD5C /* HomeViewModel.swift in Sources */,
				BC4C80852A1EDC5400CBB9FF /* SignUpRemoteDataSource.swift in Sources */,
				BCF356932A539478009EE5F6 /* HabitValueResponse.swift in Sources */,
				BC98F61B2A353A96003EE3D4 /* HabitDetailViewModel.swift in Sources */,
				BC4C807E2A1D7B4500CBB9FF /* SignInRemoteDataSource.swift in Sources */,
				BCEF13AC2A26C2D700DCB705 /* HabitModel.swift in Sources */,
				BCF3569A2A53A5EA009EE5F6 /* ChartUIState.swift in Sources */,
				BC1C6A0A2A37D6E300996E00 /* HabitDetailInteractor.swift in Sources */,
				BCD6CFA72A4A3D47008E88B5 /* ProfileViewModel.swift in Sources */,
				BCF377DD29E4E6F300E88A7E /* SplashUIState.swift in Sources */,
				BCA92D9029F33023006903DB /* LoadingButtonView.swift in Sources */,
				BCF259D82A3D2FC800ACDF38 /* ProfileView.swift in Sources */,
				BC4C80892A200C7200CBB9FF /* LocalDataSource.swift in Sources */,
				BCC250EC2A16E94900A7DFC0 /* SignInErrorResponse.swift in Sources */,
				BC4C80872A200B1400CBB9FF /* UserAuth.swift in Sources */,
				BCF96DB72A5B64A10019DCF2 /* ProfileEditTextView.swift in Sources */,
				BCA92D8E29F32C29006903DB /* String+Extension.swift in Sources */,
				BCF9792D2A59F7190073B249 /* ImagePicker.swift in Sources */,
				BCB392092A15A399000EDD89 /* SignInRequest.swift in Sources */,
				BCA92D8529EE1BE2006903DB /* SignUpViewRouter.swift in Sources */,
				BCF377F729E8B2D900E88A7E /* SignInView.swift in Sources */,
				BCF9792B2A59AABC0073B249 /* HabitViewRouter.swift in Sources */,
				BCB4F03629EB7809009FCD5C /* SignUpView.swift in Sources */,
				BCB4F02E29EB702D009FCD5C /* HomeView.swift in Sources */,
				BCF356982A53A533009EE5F6 /* ChartInteractor.swift in Sources */,
				BC4C807C2A1D78DF00CBB9FF /* SignInInteractor.swift in Sources */,
				BC6D3D062A4E3C8C00BE9294 /* ProfileUIState.swift in Sources */,
				BC83E8D529FDD70B0099129F /* WebService.swift in Sources */,
				BCB4F02829EB6FD7009FCD5C /* SignInViewRouter.swift in Sources */,
				BC5F349F2A5A569F00FD43B5 /* HabitCreateRemoteDataSource.swift in Sources */,
				BCA92D8229EE1B5E006903DB /* SignUpViewModel.swift in Sources */,
				BC16349E29EDD74C00AA3AF9 /* SignUpUIState.swift in Sources */,
				BC1C6A052A37D40F00996E00 /* HabitValueRequest.swift in Sources */,
				BCF5B9292A32A91900C69E5E /* HabitInteractor.swift in Sources */,
				BC41E10A2A2FF4FD007C42A1 /* HabitCardViewModel.swift in Sources */,
				BC4C808C2A23C44300CBB9FF /* SplashInteractor.swift in Sources */,
				BC98F6192A353A0E003EE3D4 /* HabitDetailUIState.swift in Sources */,
				BCF5B9272A32A67300C69E5E /* HabitRemoteDataSource.swift in Sources */,
				BCF377CA29E4E47700E88A7E /* HabitApp.swift in Sources */,
				BCB2D0E82A4F0E9900D5D236 /* ProfileRequest.swift in Sources */,
				BC866EDF2A158DAB00A36986 /* ErrorResponse.swift in Sources */,
				BC5F34A12A5A577000FD43B5 /* HabitCreateInteractor.swift in Sources */,
				BC277A9B2A2D53DB00D4CFF6 /* ButtonStyle.swift in Sources */,
				BC6D3D022A4E3A1800BE9294 /* ProfileRemoteDataSource.swift in Sources */,
				BC5F349C2A5A565300FD43B5 /* HabitCreateRequest.swift in Sources */,
				BC16349B29EDCB6600AA3AF9 /* Gender.swift in Sources */,
				BC6D3D042A4E3C1300BE9294 /* ProfileInteractor.swift in Sources */,
				BCC0849C2A4F982700483810 /* ChartView.swift in Sources */,
				BC842E392A3BD6CD007C80FE /* ImageView.swift in Sources */,
				BCEF13AA2A26BB8D00DCB705 /* HabitViewModel.swift in Sources */,
				BCEF13A82A26BB5100DCB705 /* HabitView.swift in Sources */,
				BCC4799B2A50D7BF003BCB51 /* BoxChartView.swift in Sources */,
				BCF377DB29E4E63F00E88A7E /* SplashView.swift in Sources */,
				BC4C808E2A23DD0F00CBB9FF /* RefreshRequest.swift in Sources */,
				BCF377E029E638C800E88A7E /* SplashViewModel.swift in Sources */,
				BC4C80832A1ED9CF00CBB9FF /* SignUpInteractor.swift in Sources */,
				BCA92D8B29F2189B006903DB /* CustomTextFieldStyle.swift in Sources */,
				BCF356962A53A112009EE5F6 /* ChartRemoteDataSource.swift in Sources */,
				BC1C6A082A37D44A00996E00 /* HabitDetailRemoteDataSource.swift in Sources */,
				BCC479992A50D6A6003BCB51 /* ChartViewModel.swift in Sources */,
				BCEF13A22A26BAC800DCB705 /* HomeViewRouter.swift in Sources */,
				BCA92D8829F20E87006903DB /* EditTextView.swift in Sources */,
				BCF259DA2A3D376500ACDF38 /* GenderSelectorView.swift in Sources */,
				BCF5B9242A32A4A900C69E5E /* HabitResponse.swift in Sources */,
				BC83E8D729FDE4700099129F /* SignUpRequest.swift in Sources */,
				BCF377F329E8B2C500E88A7E /* SignInViewModel.swift in Sources */,
				BCB3920B2A15A4C8000EDD89 /* SignInResponse.swift in Sources */,
				BCF377F529E8B2CE00E88A7E /* SignInUIState.swift in Sources */,
			);
			runOnlyForDeploymentPostprocessing = 0;
		};
/* End PBXSourcesBuildPhase section */

/* Begin XCBuildConfiguration section */
		BCF377D229E4E47900E88A7E /* Debug */ = {
			isa = XCBuildConfiguration;
			buildSettings = {
				ALWAYS_SEARCH_USER_PATHS = NO;
				CLANG_ANALYZER_NONNULL = YES;
				CLANG_ANALYZER_NUMBER_OBJECT_CONVERSION = YES_AGGRESSIVE;
				CLANG_CXX_LANGUAGE_STANDARD = "gnu++20";
				CLANG_ENABLE_MODULES = YES;
				CLANG_ENABLE_OBJC_ARC = YES;
				CLANG_ENABLE_OBJC_WEAK = YES;
				CLANG_WARN_BLOCK_CAPTURE_AUTORELEASING = YES;
				CLANG_WARN_BOOL_CONVERSION = YES;
				CLANG_WARN_COMMA = YES;
				CLANG_WARN_CONSTANT_CONVERSION = YES;
				CLANG_WARN_DEPRECATED_OBJC_IMPLEMENTATIONS = YES;
				CLANG_WARN_DIRECT_OBJC_ISA_USAGE = YES_ERROR;
				CLANG_WARN_DOCUMENTATION_COMMENTS = YES;
				CLANG_WARN_EMPTY_BODY = YES;
				CLANG_WARN_ENUM_CONVERSION = YES;
				CLANG_WARN_INFINITE_RECURSION = YES;
				CLANG_WARN_INT_CONVERSION = YES;
				CLANG_WARN_NON_LITERAL_NULL_CONVERSION = YES;
				CLANG_WARN_OBJC_IMPLICIT_RETAIN_SELF = YES;
				CLANG_WARN_OBJC_LITERAL_CONVERSION = YES;
				CLANG_WARN_OBJC_ROOT_CLASS = YES_ERROR;
				CLANG_WARN_QUOTED_INCLUDE_IN_FRAMEWORK_HEADER = YES;
				CLANG_WARN_RANGE_LOOP_ANALYSIS = YES;
				CLANG_WARN_STRICT_PROTOTYPES = YES;
				CLANG_WARN_SUSPICIOUS_MOVE = YES;
				CLANG_WARN_UNGUARDED_AVAILABILITY = YES_AGGRESSIVE;
				CLANG_WARN_UNREACHABLE_CODE = YES;
				CLANG_WARN__DUPLICATE_METHOD_MATCH = YES;
				COPY_PHASE_STRIP = NO;
				DEBUG_INFORMATION_FORMAT = dwarf;
				ENABLE_STRICT_OBJC_MSGSEND = YES;
				ENABLE_TESTABILITY = YES;
				GCC_C_LANGUAGE_STANDARD = gnu11;
				GCC_DYNAMIC_NO_PIC = NO;
				GCC_NO_COMMON_BLOCKS = YES;
				GCC_OPTIMIZATION_LEVEL = 0;
				GCC_PREPROCESSOR_DEFINITIONS = (
					"DEBUG=1",
					"$(inherited)",
				);
				GCC_WARN_64_TO_32_BIT_CONVERSION = YES;
				GCC_WARN_ABOUT_RETURN_TYPE = YES_ERROR;
				GCC_WARN_UNDECLARED_SELECTOR = YES;
				GCC_WARN_UNINITIALIZED_AUTOS = YES_AGGRESSIVE;
				GCC_WARN_UNUSED_FUNCTION = YES;
				GCC_WARN_UNUSED_VARIABLE = YES;
				IPHONEOS_DEPLOYMENT_TARGET = 16.4;
				MTL_ENABLE_DEBUG_INFO = INCLUDE_SOURCE;
				MTL_FAST_MATH = YES;
				ONLY_ACTIVE_ARCH = YES;
				SDKROOT = iphoneos;
				SWIFT_ACTIVE_COMPILATION_CONDITIONS = DEBUG;
				SWIFT_OPTIMIZATION_LEVEL = "-Onone";
			};
			name = Debug;
		};
		BCF377D329E4E47900E88A7E /* Release */ = {
			isa = XCBuildConfiguration;
			buildSettings = {
				ALWAYS_SEARCH_USER_PATHS = NO;
				CLANG_ANALYZER_NONNULL = YES;
				CLANG_ANALYZER_NUMBER_OBJECT_CONVERSION = YES_AGGRESSIVE;
				CLANG_CXX_LANGUAGE_STANDARD = "gnu++20";
				CLANG_ENABLE_MODULES = YES;
				CLANG_ENABLE_OBJC_ARC = YES;
				CLANG_ENABLE_OBJC_WEAK = YES;
				CLANG_WARN_BLOCK_CAPTURE_AUTORELEASING = YES;
				CLANG_WARN_BOOL_CONVERSION = YES;
				CLANG_WARN_COMMA = YES;
				CLANG_WARN_CONSTANT_CONVERSION = YES;
				CLANG_WARN_DEPRECATED_OBJC_IMPLEMENTATIONS = YES;
				CLANG_WARN_DIRECT_OBJC_ISA_USAGE = YES_ERROR;
				CLANG_WARN_DOCUMENTATION_COMMENTS = YES;
				CLANG_WARN_EMPTY_BODY = YES;
				CLANG_WARN_ENUM_CONVERSION = YES;
				CLANG_WARN_INFINITE_RECURSION = YES;
				CLANG_WARN_INT_CONVERSION = YES;
				CLANG_WARN_NON_LITERAL_NULL_CONVERSION = YES;
				CLANG_WARN_OBJC_IMPLICIT_RETAIN_SELF = YES;
				CLANG_WARN_OBJC_LITERAL_CONVERSION = YES;
				CLANG_WARN_OBJC_ROOT_CLASS = YES_ERROR;
				CLANG_WARN_QUOTED_INCLUDE_IN_FRAMEWORK_HEADER = YES;
				CLANG_WARN_RANGE_LOOP_ANALYSIS = YES;
				CLANG_WARN_STRICT_PROTOTYPES = YES;
				CLANG_WARN_SUSPICIOUS_MOVE = YES;
				CLANG_WARN_UNGUARDED_AVAILABILITY = YES_AGGRESSIVE;
				CLANG_WARN_UNREACHABLE_CODE = YES;
				CLANG_WARN__DUPLICATE_METHOD_MATCH = YES;
				COPY_PHASE_STRIP = NO;
				DEBUG_INFORMATION_FORMAT = "dwarf-with-dsym";
				ENABLE_NS_ASSERTIONS = NO;
				ENABLE_STRICT_OBJC_MSGSEND = YES;
				GCC_C_LANGUAGE_STANDARD = gnu11;
				GCC_NO_COMMON_BLOCKS = YES;
				GCC_WARN_64_TO_32_BIT_CONVERSION = YES;
				GCC_WARN_ABOUT_RETURN_TYPE = YES_ERROR;
				GCC_WARN_UNDECLARED_SELECTOR = YES;
				GCC_WARN_UNINITIALIZED_AUTOS = YES_AGGRESSIVE;
				GCC_WARN_UNUSED_FUNCTION = YES;
				GCC_WARN_UNUSED_VARIABLE = YES;
				IPHONEOS_DEPLOYMENT_TARGET = 16.4;
				MTL_ENABLE_DEBUG_INFO = NO;
				MTL_FAST_MATH = YES;
				SDKROOT = iphoneos;
				SWIFT_COMPILATION_MODE = wholemodule;
				SWIFT_OPTIMIZATION_LEVEL = "-O";
				VALIDATE_PRODUCT = YES;
			};
			name = Release;
		};
		BCF377D529E4E47900E88A7E /* Debug */ = {
			isa = XCBuildConfiguration;
			baseConfigurationReference = 9F9AEE2A32F56BDE8C72AB98 /* Pods-Habit.debug.xcconfig */;
			buildSettings = {
				ASSETCATALOG_COMPILER_APPICON_NAME = AppIcon;
				ASSETCATALOG_COMPILER_GLOBAL_ACCENT_COLOR_NAME = AccentColor;
				CODE_SIGN_IDENTITY = "Apple Development";
				CODE_SIGN_STYLE = Automatic;
				CURRENT_PROJECT_VERSION = 1;
				DEVELOPMENT_ASSET_PATHS = "\"Habit/Preview Content\"";
				DEVELOPMENT_TEAM = PW48G2RABM;
				ENABLE_PREVIEWS = YES;
				GENERATE_INFOPLIST_FILE = YES;
				INFOPLIST_KEY_LSApplicationCategoryType = "public.app-category.lifestyle";
				INFOPLIST_KEY_NSCameraUsageDescription = "Upload image for habits";
				INFOPLIST_KEY_UIApplicationSceneManifest_Generation = YES;
				INFOPLIST_KEY_UIApplicationSupportsIndirectInputEvents = YES;
				INFOPLIST_KEY_UILaunchScreen_Generation = YES;
				INFOPLIST_KEY_UISupportedInterfaceOrientations_iPad = "UIInterfaceOrientationPortrait UIInterfaceOrientationPortraitUpsideDown UIInterfaceOrientationLandscapeLeft UIInterfaceOrientationLandscapeRight";
				INFOPLIST_KEY_UISupportedInterfaceOrientations_iPhone = "UIInterfaceOrientationPortrait UIInterfaceOrientationLandscapeLeft UIInterfaceOrientationLandscapeRight";
				IPHONEOS_DEPLOYMENT_TARGET = 17.0;
				LD_RUNPATH_SEARCH_PATHS = (
					"$(inherited)",
					"@executable_path/Frameworks",
				);
				MARKETING_VERSION = 1.0;
				PRODUCT_BUNDLE_IDENTIFIER = com.adrianovalumin.Habit;
				PRODUCT_NAME = "$(TARGET_NAME)";
				PROVISIONING_PROFILE_SPECIFIER = "";
				SWIFT_EMIT_LOC_STRINGS = YES;
				SWIFT_VERSION = 5.0;
				TARGETED_DEVICE_FAMILY = "1,2";
			};
			name = Debug;
		};
		BCF377D629E4E47900E88A7E /* Release */ = {
			isa = XCBuildConfiguration;
			baseConfigurationReference = 0A54111BE6D9E9D143AB849A /* Pods-Habit.release.xcconfig */;
			buildSettings = {
				ASSETCATALOG_COMPILER_APPICON_NAME = AppIcon;
				ASSETCATALOG_COMPILER_GLOBAL_ACCENT_COLOR_NAME = AccentColor;
				CODE_SIGN_IDENTITY = "Apple Development";
				CODE_SIGN_STYLE = Automatic;
				CURRENT_PROJECT_VERSION = 1;
				DEVELOPMENT_ASSET_PATHS = "\"Habit/Preview Content\"";
				DEVELOPMENT_TEAM = PW48G2RABM;
				ENABLE_PREVIEWS = YES;
				GENERATE_INFOPLIST_FILE = YES;
				INFOPLIST_KEY_LSApplicationCategoryType = "public.app-category.lifestyle";
				INFOPLIST_KEY_NSCameraUsageDescription = "Upload image for habits";
				INFOPLIST_KEY_UIApplicationSceneManifest_Generation = YES;
				INFOPLIST_KEY_UIApplicationSupportsIndirectInputEvents = YES;
				INFOPLIST_KEY_UILaunchScreen_Generation = YES;
				INFOPLIST_KEY_UISupportedInterfaceOrientations_iPad = "UIInterfaceOrientationPortrait UIInterfaceOrientationPortraitUpsideDown UIInterfaceOrientationLandscapeLeft UIInterfaceOrientationLandscapeRight";
				INFOPLIST_KEY_UISupportedInterfaceOrientations_iPhone = "UIInterfaceOrientationPortrait UIInterfaceOrientationLandscapeLeft UIInterfaceOrientationLandscapeRight";
				IPHONEOS_DEPLOYMENT_TARGET = 17.0;
				LD_RUNPATH_SEARCH_PATHS = (
					"$(inherited)",
					"@executable_path/Frameworks",
				);
				MARKETING_VERSION = 1.0;
				PRODUCT_BUNDLE_IDENTIFIER = com.adrianovalumin.Habit;
				PRODUCT_NAME = "$(TARGET_NAME)";
				PROVISIONING_PROFILE_SPECIFIER = "";
				SWIFT_EMIT_LOC_STRINGS = YES;
				SWIFT_VERSION = 5.0;
				TARGETED_DEVICE_FAMILY = "1,2";
			};
			name = Release;
		};
/* End XCBuildConfiguration section */

/* Begin XCConfigurationList section */
		BCF377C129E4E47700E88A7E /* Build configuration list for PBXProject "Habit" */ = {
			isa = XCConfigurationList;
			buildConfigurations = (
				BCF377D229E4E47900E88A7E /* Debug */,
				BCF377D329E4E47900E88A7E /* Release */,
			);
			defaultConfigurationIsVisible = 0;
			defaultConfigurationName = Release;
		};
		BCF377D429E4E47900E88A7E /* Build configuration list for PBXNativeTarget "Habit" */ = {
			isa = XCConfigurationList;
			buildConfigurations = (
				BCF377D529E4E47900E88A7E /* Debug */,
				BCF377D629E4E47900E88A7E /* Release */,
			);
			defaultConfigurationIsVisible = 0;
			defaultConfigurationName = Release;
		};
/* End XCConfigurationList section */
	};
	rootObject = BCF377BE29E4E47700E88A7E /* Project object */;
}
